
Microsoft Visual Studio Solution File, Format Version 12.00
# Visual Studio Version 17
VisualStudioVersion = 17.9.34310.174
MinimumVisualStudioVersion = 10.0.40219.1
Project("{FAE04EC0-301F-11D3-BF4B-00C04F79EFBC}") = "ChallengeApp", "ChallengeApp.csproj", "{22A45216-785A-4B4F-BD10-BE3398181F8C}"
EndProject
Global
	GlobalSection(SolutionConfigurationPlatforms) = preSolution
		Debug|Any CPU = Debug|Any CPU
		Release|Any CPU = Release|Any CPU
	EndGlobalSection
	GlobalSection(ProjectConfigurationPlatforms) = postSolution
		{22A45216-785A-4B4F-BD10-BE3398181F8C}.Debug|Any CPU.ActiveCfg = Debug|Any CPU
		{22A45216-785A-4B4F-BD10-BE3398181F8C}.Debug|Any CPU.Build.0 = Debug|Any CPU
		{22A45216-785A-4B4F-BD10-BE3398181F8C}.Release|Any CPU.ActiveCfg = Release|Any CPU
		{22A45216-785A-4B4F-BD10-BE3398181F8C}.Release|Any CPU.Build.0 = Release|Any CPU
	EndGlobalSection
	GlobalSection(SolutionProperties) = preSolution
		HideSolutionNode = FALSE
	EndGlobalSection
	GlobalSection(ExtensibilityGlobals) = postSolution
		SolutionGuid = {2E696ACC-0F50-4CAC-8CE3-B456B53ED654}
	EndGlobalSection
EndGlobal
